
Microsoft Visual Studio Solution File, Format Version 12.00
# Visual Studio Version 16
VisualStudioVersion = 16.0.29403.142
MinimumVisualStudioVersion = 10.0.40219.1
Project("{FAE04EC0-301F-11D3-BF4B-00C04F79EFBC}") = "WindowsPrinterAPI", "WindowsPrinterAPI.csproj", "{C928BFF1-0415-4ED9-99A8-05192C6F6C4B}"
EndProject
Global
	GlobalSection(SolutionConfigurationPlatforms) = preSolution
		Debug|Any CPU = Debug|Any CPU
		Release|Any CPU = Release|Any CPU
	EndGlobalSection
	GlobalSection(ProjectConfigurationPlatforms) = postSolution
		{C928BFF1-0415-4ED9-99A8-05192C6F6C4B}.Debug|Any CPU.ActiveCfg = Debug|Any CPU
		{C928BFF1-0415-4ED9-99A8-05192C6F6C4B}.Debug|Any CPU.Build.0 = Debug|Any CPU
		{C928BFF1-0415-4ED9-99A8-05192C6F6C4B}.Release|Any CPU.ActiveCfg = Release|Any CPU
		{C928BFF1-0415-4ED9-99A8-05192C6F6C4B}.Release|Any CPU.Build.0 = Release|Any CPU
	EndGlobalSection
	GlobalSection(SolutionProperties) = preSolution
		HideSolutionNode = FALSE
	EndGlobalSection
	GlobalSection(ExtensibilityGlobals) = postSolution
		SolutionGuid = {26C842F1-BAEA-4C37-93DD-6569F56C485A}
	EndGlobalSection
EndGlobal
